
Microsoft Visual Studio Solution File, Format Version 12.00
# Visual Studio Version 16
VisualStudioVersion = 16.0.30804.86
MinimumVisualStudioVersion = 10.0.40219.1
Project("{FAE04EC0-301F-11D3-BF4B-00C04F79EFBC}") = "PasswordManagerCA.SharedKernel", "PasswordManagerCA.SharedKernel\PasswordManagerCA.SharedKernel.csproj", "{4A750D9B-003A-4D22-8A0F-13D49DB01D36}"
EndProject
Project("{FAE04EC0-301F-11D3-BF4B-00C04F79EFBC}") = "PasswordManagerCA.Presentation", "PasswordManagerCA.Presentation\PasswordManagerCA.Presentation.csproj", "{D71C433B-ED08-4B16-B751-797C23E24AA8}"
EndProject
Project("{FAE04EC0-301F-11D3-BF4B-00C04F79EFBC}") = "PasswordManagerCA.Infrastructure", "PasswordManagerCA.Infrastructure\PasswordManagerCA.Infrastructure.csproj", "{047336D0-1B33-4512-BF6F-18BF056D6912}"
EndProject
Project("{FAE04EC0-301F-11D3-BF4B-00C04F79EFBC}") = "PasswordManagerCA.Core", "PasswordManagerCA.Core\PasswordManagerCA.Core.csproj", "{6B4FBE32-92A2-49FB-AC89-8AF8A30AB35C}"
EndProject
Global
	GlobalSection(SolutionConfigurationPlatforms) = preSolution
		Debug|Any CPU = Debug|Any CPU
		Release|Any CPU = Release|Any CPU
	EndGlobalSection
	GlobalSection(ProjectConfigurationPlatforms) = postSolution
		{4A750D9B-003A-4D22-8A0F-13D49DB01D36}.Debug|Any CPU.ActiveCfg = Debug|Any CPU
		{4A750D9B-003A-4D22-8A0F-13D49DB01D36}.Debug|Any CPU.Build.0 = Debug|Any CPU
		{4A750D9B-003A-4D22-8A0F-13D49DB01D36}.Release|Any CPU.ActiveCfg = Release|Any CPU
		{4A750D9B-003A-4D22-8A0F-13D49DB01D36}.Release|Any CPU.Build.0 = Release|Any CPU
		{D71C433B-ED08-4B16-B751-797C23E24AA8}.Debug|Any CPU.ActiveCfg = Debug|Any CPU
		{D71C433B-ED08-4B16-B751-797C23E24AA8}.Debug|Any CPU.Build.0 = Debug|Any CPU
		{D71C433B-ED08-4B16-B751-797C23E24AA8}.Release|Any CPU.ActiveCfg = Release|Any CPU
		{D71C433B-ED08-4B16-B751-797C23E24AA8}.Release|Any CPU.Build.0 = Release|Any CPU
		{047336D0-1B33-4512-BF6F-18BF056D6912}.Debug|Any CPU.ActiveCfg = Debug|Any CPU
		{047336D0-1B33-4512-BF6F-18BF056D6912}.Debug|Any CPU.Build.0 = Debug|Any CPU
		{047336D0-1B33-4512-BF6F-18BF056D6912}.Release|Any CPU.ActiveCfg = Release|Any CPU
		{047336D0-1B33-4512-BF6F-18BF056D6912}.Release|Any CPU.Build.0 = Release|Any CPU
		{6B4FBE32-92A2-49FB-AC89-8AF8A30AB35C}.Debug|Any CPU.ActiveCfg = Debug|Any CPU
		{6B4FBE32-92A2-49FB-AC89-8AF8A30AB35C}.Debug|Any CPU.Build.0 = Debug|Any CPU
		{6B4FBE32-92A2-49FB-AC89-8AF8A30AB35C}.Release|Any CPU.ActiveCfg = Release|Any CPU
		{6B4FBE32-92A2-49FB-AC89-8AF8A30AB35C}.Release|Any CPU.Build.0 = Release|Any CPU
	EndGlobalSection
	GlobalSection(SolutionProperties) = preSolution
		HideSolutionNode = FALSE
	EndGlobalSection
	GlobalSection(ExtensibilityGlobals) = postSolution
		SolutionGuid = {512F4B4A-C377-4BDD-B60E-B97D69B83C43}
	EndGlobalSection
EndGlobal
